// !$*UTF8*$!
{
	archiveVersion = 1;
	classes = {
	};
	objectVersion = 55;
	objects = {

/* Begin PBXBuildFile section */
		BB4DDA30290801AB007D3238 /* NetworkService.swift in Sources */ = {isa = PBXBuildFile; fileRef = BB4DDA2F290801AB007D3238 /* NetworkService.swift */; };
		BB4DDA332908076F007D3238 /* MovieInfo.swift in Sources */ = {isa = PBXBuildFile; fileRef = BB4DDA322908076F007D3238 /* MovieInfo.swift */; };
		BB52A68C29083C1200FE8BD9 /* MovieCell.swift in Sources */ = {isa = PBXBuildFile; fileRef = BB52A68B29083C1100FE8BD9 /* MovieCell.swift */; };
		BB52A68F29084C8700FE8BD9 /* Colors.xcassets in Resources */ = {isa = PBXBuildFile; fileRef = BB52A68E29084C8700FE8BD9 /* Colors.xcassets */; };
		BB5E5942290875520077A99E /* Data.swift in Sources */ = {isa = PBXBuildFile; fileRef = BB5E5941290875520077A99E /* Data.swift */; };
		BB638FE2290709A70086CEBF /* AppDelegate.swift in Sources */ = {isa = PBXBuildFile; fileRef = BB638FE1290709A70086CEBF /* AppDelegate.swift */; };
		BB638FE4290709A70086CEBF /* SceneDelegate.swift in Sources */ = {isa = PBXBuildFile; fileRef = BB638FE3290709A70086CEBF /* SceneDelegate.swift */; };
		BB638FE6290709A70086CEBF /* SearchFilmViewController.swift in Sources */ = {isa = PBXBuildFile; fileRef = BB638FE5290709A70086CEBF /* SearchFilmViewController.swift */; };
		BB638FE9290709A70086CEBF /* Main.storyboard in Resources */ = {isa = PBXBuildFile; fileRef = BB638FE7290709A70086CEBF /* Main.storyboard */; };
		BB638FEB290709A90086CEBF /* Assets.xcassets in Resources */ = {isa = PBXBuildFile; fileRef = BB638FEA290709A90086CEBF /* Assets.xcassets */; };
		BB638FEE290709A90086CEBF /* LaunchScreen.storyboard in Resources */ = {isa = PBXBuildFile; fileRef = BB638FEC290709A90086CEBF /* LaunchScreen.storyboard */; };
/* End PBXBuildFile section */

/* Begin PBXFileReference section */
		BB4DDA2F290801AB007D3238 /* NetworkService.swift */ = {isa = PBXFileReference; lastKnownFileType = sourcecode.swift; path = NetworkService.swift; sourceTree = "<group>"; };
		BB4DDA322908076F007D3238 /* MovieInfo.swift */ = {isa = PBXFileReference; lastKnownFileType = sourcecode.swift; path = MovieInfo.swift; sourceTree = "<group>"; };
		BB52A68B29083C1100FE8BD9 /* MovieCell.swift */ = {isa = PBXFileReference; lastKnownFileType = sourcecode.swift; path = MovieCell.swift; sourceTree = "<group>"; };
		BB52A68E29084C8700FE8BD9 /* Colors.xcassets */ = {isa = PBXFileReference; lastKnownFileType = folder.assetcatalog; path = Colors.xcassets; sourceTree = "<group>"; };
		BB5E5941290875520077A99E /* Data.swift */ = {isa = PBXFileReference; lastKnownFileType = sourcecode.swift; path = Data.swift; sourceTree = "<group>"; };
		BB638FDE290709A70086CEBF /* RatingsFilms.app */ = {isa = PBXFileReference; explicitFileType = wrapper.application; includeInIndex = 0; path = RatingsFilms.app; sourceTree = BUILT_PRODUCTS_DIR; };
		BB638FE1290709A70086CEBF /* AppDelegate.swift */ = {isa = PBXFileReference; lastKnownFileType = sourcecode.swift; path = AppDelegate.swift; sourceTree = "<group>"; };
		BB638FE3290709A70086CEBF /* SceneDelegate.swift */ = {isa = PBXFileReference; lastKnownFileType = sourcecode.swift; path = SceneDelegate.swift; sourceTree = "<group>"; };
		BB638FE5290709A70086CEBF /* SearchFilmViewController.swift */ = {isa = PBXFileReference; lastKnownFileType = sourcecode.swift; path = SearchFilmViewController.swift; sourceTree = "<group>"; };
		BB638FE8290709A70086CEBF /* Base */ = {isa = PBXFileReference; lastKnownFileType = file.storyboard; name = Base; path = Base.lproj/Main.storyboard; sourceTree = "<group>"; };
		BB638FEA290709A90086CEBF /* Assets.xcassets */ = {isa = PBXFileReference; lastKnownFileType = folder.assetcatalog; path = Assets.xcassets; sourceTree = "<group>"; };
		BB638FED290709A90086CEBF /* Base */ = {isa = PBXFileReference; lastKnownFileType = file.storyboard; name = Base; path = Base.lproj/LaunchScreen.storyboard; sourceTree = "<group>"; };
		BB638FEF290709A90086CEBF /* Info.plist */ = {isa = PBXFileReference; lastKnownFileType = text.plist.xml; path = Info.plist; sourceTree = "<group>"; };
/* End PBXFileReference section */

/* Begin PBXFrameworksBuildPhase section */
		BB638FDB290709A70086CEBF /* Frameworks */ = {
			isa = PBXFrameworksBuildPhase;
			buildActionMask = 2147483647;
			files = (
			);
			runOnlyForDeploymentPostprocessing = 0;
		};
/* End PBXFrameworksBuildPhase section */

/* Begin PBXGroup section */
		BB4DDA3129080742007D3238 /* Models */ = {
			isa = PBXGroup;
			children = (
				BB4DDA322908076F007D3238 /* MovieInfo.swift */,
			);
			path = Models;
			sourceTree = "<group>";
		};
		BB52A68D29083C1300FE8BD9 /* Cells */ = {
			isa = PBXGroup;
			children = (
				BB52A68B29083C1100FE8BD9 /* MovieCell.swift */,
			);
			path = Cells;
			sourceTree = "<group>";
		};
		BB638FD5290709A70086CEBF = {
			isa = PBXGroup;
			children = (
				BB638FE0290709A70086CEBF /* RatingsFilms */,
				BB638FDF290709A70086CEBF /* Products */,
			);
			sourceTree = "<group>";
		};
		BB638FDF290709A70086CEBF /* Products */ = {
			isa = PBXGroup;
			children = (
				BB638FDE290709A70086CEBF /* RatingsFilms.app */,
			);
			name = Products;
			sourceTree = "<group>";
		};
		BB638FE0290709A70086CEBF /* RatingsFilms */ = {
			isa = PBXGroup;
			children = (
				BB638FE1290709A70086CEBF /* AppDelegate.swift */,
				BB638FE3290709A70086CEBF /* SceneDelegate.swift */,
				BB638FE5290709A70086CEBF /* SearchFilmViewController.swift */,
				BB52A68D29083C1300FE8BD9 /* Cells */,
				BB4DDA2F290801AB007D3238 /* NetworkService.swift */,
				BB5E5941290875520077A99E /* Data.swift */,
				BB4DDA3129080742007D3238 /* Models */,
				BB638FE7290709A70086CEBF /* Main.storyboard */,
				BB638FEA290709A90086CEBF /* Assets.xcassets */,
				BB52A68E29084C8700FE8BD9 /* Colors.xcassets */,
				BB638FEC290709A90086CEBF /* LaunchScreen.storyboard */,
				BB638FEF290709A90086CEBF /* Info.plist */,
			);
			path = RatingsFilms;
			sourceTree = "<group>";
		};
/* End PBXGroup section */

/* Begin PBXNativeTarget section */
		BB638FDD290709A70086CEBF /* RatingsFilms */ = {
			isa = PBXNativeTarget;
			buildConfigurationList = BB638FF2290709A90086CEBF /* Build configuration list for PBXNativeTarget "RatingsFilms" */;
			buildPhases = (
				BBFE663C290738DA003F4EDA /* SwiftFormat */,
				BB638FF529070C660086CEBF /* SwiftLint */,
				BB638FDA290709A70086CEBF /* Sources */,
				BB638FDB290709A70086CEBF /* Frameworks */,
				BB638FDC290709A70086CEBF /* Resources */,
			);
			buildRules = (
			);
			dependencies = (
			);
			name = RatingsFilms;
			productName = RatingsFilms;
			productReference = BB638FDE290709A70086CEBF /* RatingsFilms.app */;
			productType = "com.apple.product-type.application";
		};
/* End PBXNativeTarget section */

/* Begin PBXProject section */
		BB638FD6290709A70086CEBF /* Project object */ = {
			isa = PBXProject;
			attributes = {
				BuildIndependentTargetsInParallel = 1;
				LastSwiftUpdateCheck = 1310;
				LastUpgradeCheck = 1310;
				TargetAttributes = {
					BB638FDD290709A70086CEBF = {
						CreatedOnToolsVersion = 13.1;
					};
				};
			};
			buildConfigurationList = BB638FD9290709A70086CEBF /* Build configuration list for PBXProject "RatingsFilms" */;
			compatibilityVersion = "Xcode 13.0";
			developmentRegion = en;
			hasScannedForEncodings = 0;
			knownRegions = (
				en,
				Base,
			);
			mainGroup = BB638FD5290709A70086CEBF;
			productRefGroup = BB638FDF290709A70086CEBF /* Products */;
			projectDirPath = "";
			projectRoot = "";
			targets = (
				BB638FDD290709A70086CEBF /* RatingsFilms */,
			);
		};
/* End PBXProject section */

/* Begin PBXResourcesBuildPhase section */
		BB638FDC290709A70086CEBF /* Resources */ = {
			isa = PBXResourcesBuildPhase;
			buildActionMask = 2147483647;
			files = (
				BB638FEE290709A90086CEBF /* LaunchScreen.storyboard in Resources */,
				BB52A68F29084C8700FE8BD9 /* Colors.xcassets in Resources */,
				BB638FEB290709A90086CEBF /* Assets.xcassets in Resources */,
				BB638FE9290709A70086CEBF /* Main.storyboard in Resources */,
			);
			runOnlyForDeploymentPostprocessing = 0;
		};
/* End PBXResourcesBuildPhase section */

/* Begin PBXShellScriptBuildPhase section */
		BB638FF529070C660086CEBF /* SwiftLint */ = {
			isa = PBXShellScriptBuildPhase;
			buildActionMask = 2147483647;
			files = (
			);
			inputFileListPaths = (
			);
			inputPaths = (
			);
			name = SwiftLint;
			outputFileListPaths = (
			);
			outputPaths = (
			);
			runOnlyForDeploymentPostprocessing = 0;
			shellPath = /bin/sh;
			shellScript = "export PATH=\"$PATH:/opt/homebrew/bin\"\nif which swiftlint > /dev/null; then\n  swiftlint\nelse\n  echo \"warning: SwiftLint not installed, download from https://github.com/realm/SwiftLint\"\nfi\n";
		};
		BBFE663C290738DA003F4EDA /* SwiftFormat */ = {
			isa = PBXShellScriptBuildPhase;
			buildActionMask = 2147483647;
			files = (
			);
			inputFileListPaths = (
			);
			inputPaths = (
			);
			name = SwiftFormat;
			outputFileListPaths = (
			);
			outputPaths = (
			);
			runOnlyForDeploymentPostprocessing = 0;
			shellPath = /bin/sh;
			shellScript = "if which swiftformat >/dev/null; then\n  swiftformat .\nelse\n  echo \"warning: SwiftFormat not installed, download from https://github.com/nicklockwood/SwiftFormat\"\nfi\n";
		};
/* End PBXShellScriptBuildPhase section */

/* Begin PBXSourcesBuildPhase section */
		BB638FDA290709A70086CEBF /* Sources */ = {
			isa = PBXSourcesBuildPhase;
			buildActionMask = 2147483647;
			files = (
				BB5E5942290875520077A99E /* Data.swift in Sources */,
				BB638FE6290709A70086CEBF /* SearchFilmViewController.swift in Sources */,
				BB4DDA332908076F007D3238 /* MovieInfo.swift in Sources */,
				BB52A68C29083C1200FE8BD9 /* MovieCell.swift in Sources */,
				BB638FE2290709A70086CEBF /* AppDelegate.swift in Sources */,
				BB4DDA30290801AB007D3238 /* NetworkService.swift in Sources */,
				BB638FE4290709A70086CEBF /* SceneDelegate.swift in Sources */,
			);
			runOnlyForDeploymentPostprocessing = 0;
		};
/* End PBXSourcesBuildPhase section */

/* Begin PBXVariantGroup section */
		BB638FE7290709A70086CEBF /* Main.storyboard */ = {
			isa = PBXVariantGroup;
			children = (
				BB638FE8290709A70086CEBF /* Base */,
			);
			name = Main.storyboard;
			sourceTree = "<group>";
		};
		BB638FEC290709A90086CEBF /* LaunchScreen.storyboard */ = {
			isa = PBXVariantGroup;
			children = (
				BB638FED290709A90086CEBF /* Base */,
			);
			name = LaunchScreen.storyboard;
			sourceTree = "<group>";
		};
/* End PBXVariantGroup section */

/* Begin XCBuildConfiguration section */
		BB638FF0290709A90086CEBF /* Debug */ = {
			isa = XCBuildConfiguration;
			buildSettings = {
				ALWAYS_SEARCH_USER_PATHS = NO;
				CLANG_ANALYZER_NONNULL = YES;
				CLANG_ANALYZER_NUMBER_OBJECT_CONVERSION = YES_AGGRESSIVE;
				CLANG_CXX_LANGUAGE_STANDARD = "gnu++17";
				CLANG_CXX_LIBRARY = "libc++";
				CLANG_ENABLE_MODULES = YES;
				CLANG_ENABLE_OBJC_ARC = YES;
				CLANG_ENABLE_OBJC_WEAK = YES;
				CLANG_WARN_BLOCK_CAPTURE_AUTORELEASING = YES;
				CLANG_WARN_BOOL_CONVERSION = YES;
				CLANG_WARN_COMMA = YES;
				CLANG_WARN_CONSTANT_CONVERSION = YES;
				CLANG_WARN_DEPRECATED_OBJC_IMPLEMENTATIONS = YES;
				CLANG_WARN_DIRECT_OBJC_ISA_USAGE = YES_ERROR;
				CLANG_WARN_DOCUMENTATION_COMMENTS = YES;
				CLANG_WARN_EMPTY_BODY = YES;
				CLANG_WARN_ENUM_CONVERSION = YES;
				CLANG_WARN_INFINITE_RECURSION = YES;
				CLANG_WARN_INT_CONVERSION = YES;
				CLANG_WARN_NON_LITERAL_NULL_CONVERSION = YES;
				CLANG_WARN_OBJC_IMPLICIT_RETAIN_SELF = YES;
				CLANG_WARN_OBJC_LITERAL_CONVERSION = YES;
				CLANG_WARN_OBJC_ROOT_CLASS = YES_ERROR;
				CLANG_WARN_QUOTED_INCLUDE_IN_FRAMEWORK_HEADER = YES;
				CLANG_WARN_RANGE_LOOP_ANALYSIS = YES;
				CLANG_WARN_STRICT_PROTOTYPES = YES;
				CLANG_WARN_SUSPICIOUS_MOVE = YES;
				CLANG_WARN_UNGUARDED_AVAILABILITY = YES_AGGRESSIVE;
				CLANG_WARN_UNREACHABLE_CODE = YES;
				CLANG_WARN__DUPLICATE_METHOD_MATCH = YES;
				COPY_PHASE_STRIP = NO;
				DEBUG_INFORMATION_FORMAT = dwarf;
				ENABLE_STRICT_OBJC_MSGSEND = YES;
				ENABLE_TESTABILITY = YES;
				GCC_C_LANGUAGE_STANDARD = gnu11;
				GCC_DYNAMIC_NO_PIC = NO;
				GCC_NO_COMMON_BLOCKS = YES;
				GCC_OPTIMIZATION_LEVEL = 0;
				GCC_PREPROCESSOR_DEFINITIONS = (
					"DEBUG=1",
					"$(inherited)",
				);
				GCC_WARN_64_TO_32_BIT_CONVERSION = YES;
				GCC_WARN_ABOUT_RETURN_TYPE = YES_ERROR;
				GCC_WARN_UNDECLARED_SELECTOR = YES;
				GCC_WARN_UNINITIALIZED_AUTOS = YES_AGGRESSIVE;
				GCC_WARN_UNUSED_FUNCTION = YES;
				GCC_WARN_UNUSED_VARIABLE = YES;
				IPHONEOS_DEPLOYMENT_TARGET = 15.0;
				MTL_ENABLE_DEBUG_INFO = INCLUDE_SOURCE;
				MTL_FAST_MATH = YES;
				ONLY_ACTIVE_ARCH = YES;
				SDKROOT = iphoneos;
				SWIFT_ACTIVE_COMPILATION_CONDITIONS = DEBUG;
				SWIFT_OPTIMIZATION_LEVEL = "-Onone";
			};
			name = Debug;
		};
		BB638FF1290709A90086CEBF /* Release */ = {
			isa = XCBuildConfiguration;
			buildSettings = {
				ALWAYS_SEARCH_USER_PATHS = NO;
				CLANG_ANALYZER_NONNULL = YES;
				CLANG_ANALYZER_NUMBER_OBJECT_CONVERSION = YES_AGGRESSIVE;
				CLANG_CXX_LANGUAGE_STANDARD = "gnu++17";
				CLANG_CXX_LIBRARY = "libc++";
				CLANG_ENABLE_MODULES = YES;
				CLANG_ENABLE_OBJC_ARC = YES;
				CLANG_ENABLE_OBJC_WEAK = YES;
				CLANG_WARN_BLOCK_CAPTURE_AUTORELEASING = YES;
				CLANG_WARN_BOOL_CONVERSION = YES;
				CLANG_WARN_COMMA = YES;
				CLANG_WARN_CONSTANT_CONVERSION = YES;
				CLANG_WARN_DEPRECATED_OBJC_IMPLEMENTATIONS = YES;
				CLANG_WARN_DIRECT_OBJC_ISA_USAGE = YES_ERROR;
				CLANG_WARN_DOCUMENTATION_COMMENTS = YES;
				CLANG_WARN_EMPTY_BODY = YES;
				CLANG_WARN_ENUM_CONVERSION = YES;
				CLANG_WARN_INFINITE_RECURSION = YES;
				CLANG_WARN_INT_CONVERSION = YES;
				CLANG_WARN_NON_LITERAL_NULL_CONVERSION = YES;
				CLANG_WARN_OBJC_IMPLICIT_RETAIN_SELF = YES;
				CLANG_WARN_OBJC_LITERAL_CONVERSION = YES;
				CLANG_WARN_OBJC_ROOT_CLASS = YES_ERROR;
				CLANG_WARN_QUOTED_INCLUDE_IN_FRAMEWORK_HEADER = YES;
				CLANG_WARN_RANGE_LOOP_ANALYSIS = YES;
				CLANG_WARN_STRICT_PROTOTYPES = YES;
				CLANG_WARN_SUSPICIOUS_MOVE = YES;
				CLANG_WARN_UNGUARDED_AVAILABILITY = YES_AGGRESSIVE;
				CLANG_WARN_UNREACHABLE_CODE = YES;
				CLANG_WARN__DUPLICATE_METHOD_MATCH = YES;
				COPY_PHASE_STRIP = NO;
				DEBUG_INFORMATION_FORMAT = "dwarf-with-dsym";
				ENABLE_NS_ASSERTIONS = NO;
				ENABLE_STRICT_OBJC_MSGSEND = YES;
				GCC_C_LANGUAGE_STANDARD = gnu11;
				GCC_NO_COMMON_BLOCKS = YES;
				GCC_WARN_64_TO_32_BIT_CONVERSION = YES;
				GCC_WARN_ABOUT_RETURN_TYPE = YES_ERROR;
				GCC_WARN_UNDECLARED_SELECTOR = YES;
				GCC_WARN_UNINITIALIZED_AUTOS = YES_AGGRESSIVE;
				GCC_WARN_UNUSED_FUNCTION = YES;
				GCC_WARN_UNUSED_VARIABLE = YES;
				IPHONEOS_DEPLOYMENT_TARGET = 15.0;
				MTL_ENABLE_DEBUG_INFO = NO;
				MTL_FAST_MATH = YES;
				SDKROOT = iphoneos;
				SWIFT_COMPILATION_MODE = wholemodule;
				SWIFT_OPTIMIZATION_LEVEL = "-O";
				VALIDATE_PRODUCT = YES;
			};
			name = Release;
		};
		BB638FF3290709A90086CEBF /* Debug */ = {
			isa = XCBuildConfiguration;
			buildSettings = {
				ASSETCATALOG_COMPILER_APPICON_NAME = AppIcon;
				ASSETCATALOG_COMPILER_GLOBAL_ACCENT_COLOR_NAME = AccentColor;
				CODE_SIGN_STYLE = Automatic;
				CURRENT_PROJECT_VERSION = 1;
				DEVELOPMENT_TEAM = 6WW6D9N6J7;
				GENERATE_INFOPLIST_FILE = YES;
				INFOPLIST_FILE = RatingsFilms/Info.plist;
				INFOPLIST_KEY_UIApplicationSupportsIndirectInputEvents = YES;
				INFOPLIST_KEY_UILaunchStoryboardName = LaunchScreen;
				INFOPLIST_KEY_UIMainStoryboardFile = Main;
				INFOPLIST_KEY_UISupportedInterfaceOrientations_iPad = "UIInterfaceOrientationPortrait UIInterfaceOrientationPortraitUpsideDown UIInterfaceOrientationLandscapeLeft UIInterfaceOrientationLandscapeRight";
				INFOPLIST_KEY_UISupportedInterfaceOrientations_iPhone = "UIInterfaceOrientationPortrait UIInterfaceOrientationLandscapeLeft UIInterfaceOrientationLandscapeRight";
				LD_RUNPATH_SEARCH_PATHS = (
					"$(inherited)",
					"@executable_path/Frameworks",
				);
				MARKETING_VERSION = 1.0;
				PRODUCT_BUNDLE_IDENTIFIER = "ru.koskin-val-mail.RatingsFilms";
				PRODUCT_NAME = "$(TARGET_NAME)";
				SWIFT_EMIT_LOC_STRINGS = YES;
				SWIFT_VERSION = 5.0;
				TARGETED_DEVICE_FAMILY = "1,2";
			};
			name = Debug;
		};
		BB638FF4290709A90086CEBF /* Release */ = {
			isa = XCBuildConfiguration;
			buildSettings = {
				ASSETCATALOG_COMPILER_APPICON_NAME = AppIcon;
				ASSETCATALOG_COMPILER_GLOBAL_ACCENT_COLOR_NAME = AccentColor;
				CODE_SIGN_STYLE = Automatic;
				CURRENT_PROJECT_VERSION = 1;
				DEVELOPMENT_TEAM = 6WW6D9N6J7;
				GENERATE_INFOPLIST_FILE = YES;
				INFOPLIST_FILE = RatingsFilms/Info.plist;
				INFOPLIST_KEY_UIApplicationSupportsIndirectInputEvents = YES;
				INFOPLIST_KEY_UILaunchStoryboardName = LaunchScreen;
				INFOPLIST_KEY_UIMainStoryboardFile = Main;
				INFOPLIST_KEY_UISupportedInterfaceOrientations_iPad = "UIInterfaceOrientationPortrait UIInterfaceOrientationPortraitUpsideDown UIInterfaceOrientationLandscapeLeft UIInterfaceOrientationLandscapeRight";
				INFOPLIST_KEY_UISupportedInterfaceOrientations_iPhone = "UIInterfaceOrientationPortrait UIInterfaceOrientationLandscapeLeft UIInterfaceOrientationLandscapeRight";
				LD_RUNPATH_SEARCH_PATHS = (
					"$(inherited)",
					"@executable_path/Frameworks",
				);
				MARKETING_VERSION = 1.0;
				PRODUCT_BUNDLE_IDENTIFIER = "ru.koskin-val-mail.RatingsFilms";
				PRODUCT_NAME = "$(TARGET_NAME)";
				SWIFT_EMIT_LOC_STRINGS = YES;
				SWIFT_VERSION = 5.0;
				TARGETED_DEVICE_FAMILY = "1,2";
			};
			name = Release;
		};
/* End XCBuildConfiguration section */

/* Begin XCConfigurationList section */
		BB638FD9290709A70086CEBF /* Build configuration list for PBXProject "RatingsFilms" */ = {
			isa = XCConfigurationList;
			buildConfigurations = (
				BB638FF0290709A90086CEBF /* Debug */,
				BB638FF1290709A90086CEBF /* Release */,
			);
			defaultConfigurationIsVisible = 0;
			defaultConfigurationName = Release;
		};
		BB638FF2290709A90086CEBF /* Build configuration list for PBXNativeTarget "RatingsFilms" */ = {
			isa = XCConfigurationList;
			buildConfigurations = (
				BB638FF3290709A90086CEBF /* Debug */,
				BB638FF4290709A90086CEBF /* Release */,
			);
			defaultConfigurationIsVisible = 0;
			defaultConfigurationName = Release;
		};
/* End XCConfigurationList section */
	};
	rootObject = BB638FD6290709A70086CEBF /* Project object */;
}
